
Microsoft Visual Studio Solution File, Format Version 12.00
Project("{FAE04EC0-301F-11D3-BF4B-00C04F79EFBC}") = "Presentation", "Presentation\Presentation.csproj", "{37F57282-5DFD-485A-8403-CA983C7466C5}"
EndProject
Project("{FAE04EC0-301F-11D3-BF4B-00C04F79EFBC}") = "Domain", "Domain\Domain.csproj", "{72467D08-FB05-4B39-B278-50420815C5AE}"
EndProject
Project("{FAE04EC0-301F-11D3-BF4B-00C04F79EFBC}") = "Data", "Data\Data.csproj", "{4B5A836C-D26C-43F7-8F9D-F11B9CA5D73F}"
EndProject
Project("{FAE04EC0-301F-11D3-BF4B-00C04F79EFBC}") = "Application", "Application\Application.csproj", "{3F34A7D2-2FD5-4802-9276-A4FD42290472}"
EndProject
Global
	GlobalSection(SolutionConfigurationPlatforms) = preSolution
		Debug|Any CPU = Debug|Any CPU
		Release|Any CPU = Release|Any CPU
	EndGlobalSection
	GlobalSection(ProjectConfigurationPlatforms) = postSolution
		{37F57282-5DFD-485A-8403-CA983C7466C5}.Debug|Any CPU.ActiveCfg = Debug|Any CPU
		{37F57282-5DFD-485A-8403-CA983C7466C5}.Debug|Any CPU.Build.0 = Debug|Any CPU
		{37F57282-5DFD-485A-8403-CA983C7466C5}.Release|Any CPU.ActiveCfg = Release|Any CPU
		{37F57282-5DFD-485A-8403-CA983C7466C5}.Release|Any CPU.Build.0 = Release|Any CPU
		{72467D08-FB05-4B39-B278-50420815C5AE}.Debug|Any CPU.ActiveCfg = Debug|Any CPU
		{72467D08-FB05-4B39-B278-50420815C5AE}.Debug|Any CPU.Build.0 = Debug|Any CPU
		{72467D08-FB05-4B39-B278-50420815C5AE}.Release|Any CPU.ActiveCfg = Release|Any CPU
		{72467D08-FB05-4B39-B278-50420815C5AE}.Release|Any CPU.Build.0 = Release|Any CPU
		{4B5A836C-D26C-43F7-8F9D-F11B9CA5D73F}.Debug|Any CPU.ActiveCfg = Debug|Any CPU
		{4B5A836C-D26C-43F7-8F9D-F11B9CA5D73F}.Debug|Any CPU.Build.0 = Debug|Any CPU
		{4B5A836C-D26C-43F7-8F9D-F11B9CA5D73F}.Release|Any CPU.ActiveCfg = Release|Any CPU
		{4B5A836C-D26C-43F7-8F9D-F11B9CA5D73F}.Release|Any CPU.Build.0 = Release|Any CPU
		{3F34A7D2-2FD5-4802-9276-A4FD42290472}.Debug|Any CPU.ActiveCfg = Debug|Any CPU
		{3F34A7D2-2FD5-4802-9276-A4FD42290472}.Debug|Any CPU.Build.0 = Debug|Any CPU
		{3F34A7D2-2FD5-4802-9276-A4FD42290472}.Release|Any CPU.ActiveCfg = Release|Any CPU
		{3F34A7D2-2FD5-4802-9276-A4FD42290472}.Release|Any CPU.Build.0 = Release|Any CPU
	EndGlobalSection
EndGlobal
